
Microsoft Visual Studio Solution File, Format Version 12.00
# Visual Studio Version 16
VisualStudioVersion = 16.0.32228.343
MinimumVisualStudioVersion = 10.0.40219.1
Project("{FAE04EC0-301F-11D3-BF4B-00C04F79EFBC}") = "ApiPeliculas", "ApiPeliculas.csproj", "{AA7D7B2C-EC91-4082-8E81-24A9236FB0DF}"
EndProject
Global
	GlobalSection(SolutionConfigurationPlatforms) = preSolution
		Debug|Any CPU = Debug|Any CPU
		Release|Any CPU = Release|Any CPU
	EndGlobalSection
	GlobalSection(ProjectConfigurationPlatforms) = postSolution
		{AA7D7B2C-EC91-4082-8E81-24A9236FB0DF}.Debug|Any CPU.ActiveCfg = Debug|Any CPU
		{AA7D7B2C-EC91-4082-8E81-24A9236FB0DF}.Debug|Any CPU.Build.0 = Debug|Any CPU
		{AA7D7B2C-EC91-4082-8E81-24A9236FB0DF}.Release|Any CPU.ActiveCfg = Release|Any CPU
		{AA7D7B2C-EC91-4082-8E81-24A9236FB0DF}.Release|Any CPU.Build.0 = Release|Any CPU
	EndGlobalSection
	GlobalSection(SolutionProperties) = preSolution
		HideSolutionNode = FALSE
	EndGlobalSection
	GlobalSection(ExtensibilityGlobals) = postSolution
		SolutionGuid = {355994F6-4776-4A50-8EF1-DD984B14E1CE}
	EndGlobalSection
EndGlobal
